
Microsoft Visual Studio Solution File, Format Version 10.00
# Visual Basic Express 2008
Project("{F184B08F-C81C-45F6-A57F-5ABD9991F28F}") = "ConsoleApplication1", "ConsoleApplication1\ConsoleApplication1.vbproj", "{932C2199-52D6-474A-BFEF-995C1594B774}"
EndProject
Global
	GlobalSection(SolutionConfigurationPlatforms) = preSolution
		Debug|Any CPU = Debug|Any CPU
		Release|Any CPU = Release|Any CPU
	EndGlobalSection
	GlobalSection(ProjectConfigurationPlatforms) = postSolution
		{932C2199-52D6-474A-BFEF-995C1594B774}.Debug|Any CPU.ActiveCfg = Debug|Any CPU
		{932C2199-52D6-474A-BFEF-995C1594B774}.Debug|Any CPU.Build.0 = Debug|Any CPU
		{932C2199-52D6-474A-BFEF-995C1594B774}.Release|Any CPU.ActiveCfg = Release|Any CPU
		{932C2199-52D6-474A-BFEF-995C1594B774}.Release|Any CPU.Build.0 = Release|Any CPU
	EndGlobalSection
	GlobalSection(SolutionProperties) = preSolution
		HideSolutionNode = FALSE
	EndGlobalSection
EndGlobal
